
Microsoft Visual Studio Solution File, Format Version 12.00
# Visual Studio Version 17
VisualStudioVersion = 17.6.33829.357
MinimumVisualStudioVersion = 10.0.40219.1
Project("{FAE04EC0-301F-11D3-BF4B-00C04F79EFBC}") = "EXAM_Module-6", "EXAM_Module-6\EXAM_Module-6.csproj", "{C898BB88-F9B8-46E0-9C98-1CA9B13723D9}"
EndProject
Global
	GlobalSection(SolutionConfigurationPlatforms) = preSolution
		Debug|Any CPU = Debug|Any CPU
		Release|Any CPU = Release|Any CPU
	EndGlobalSection
	GlobalSection(ProjectConfigurationPlatforms) = postSolution
		{C898BB88-F9B8-46E0-9C98-1CA9B13723D9}.Debug|Any CPU.ActiveCfg = Debug|Any CPU
		{C898BB88-F9B8-46E0-9C98-1CA9B13723D9}.Debug|Any CPU.Build.0 = Debug|Any CPU
		{C898BB88-F9B8-46E0-9C98-1CA9B13723D9}.Release|Any CPU.ActiveCfg = Release|Any CPU
		{C898BB88-F9B8-46E0-9C98-1CA9B13723D9}.Release|Any CPU.Build.0 = Release|Any CPU
	EndGlobalSection
	GlobalSection(SolutionProperties) = preSolution
		HideSolutionNode = FALSE
	EndGlobalSection
	GlobalSection(ExtensibilityGlobals) = postSolution
		SolutionGuid = {18340209-71E7-4702-BD45-81F6E299AD78}
	EndGlobalSection
EndGlobal
